# This file is generated by running "yarn install" inside your project.
# Manual changes might be lost - proceed with caution!

__metadata:
  version: 6
  cacheKey: 8

"@playwright/test@npm:*":
  version: 1.27.1
  resolution: "@playwright/test@npm:1.27.1"
  dependencies:
    "@types/node": "*"
    playwright-core: 1.27.1
  bin:
    playwright: cli.js
  checksum: 92f219a78c21da03c6599d92c313c914e73cc374306366130fb3bd4701555179394ec5a3000d9375ce59f5a03c00f20d1ddaae50c85583ce475e17795a622699
  languageName: node
  linkType: hard

"@types/es6-promise@npm:*":
  version: 0.0.33
  resolution: "@types/es6-promise@npm:0.0.33"
  checksum: 6c62b8fd495f4b075ded1be583e35e10b408685b5103cec1e3acfa931110e9297647cf3988cbe629935b43c2bf6235e1ca542ebbc6176cad4197101487339b75
  languageName: node
  linkType: hard

"@types/node@npm:*":
  version: 17.0.31
  resolution: "@types/node@npm:17.0.31"
  checksum: 704618350f8420d5c47db0f7778398e821b7724369946f5c441a7e6b9343295553936400eb8309f0b07d5e39c240988ab3456b983712ca86265dabc9aee4ad3d
  languageName: node
  linkType: hard

"amp-what-acceptance-test@workspace:.":
  version: 0.0.0-use.local
  resolution: "amp-what-acceptance-test@workspace:."
  dependencies:
    "@playwright/test": "*"
    "@types/es6-promise": "*"
    "@types/node": "*"
    playwright: "*"
    typescript: "*"
  languageName: unknown
  linkType: soft

"playwright-core@npm:1.27.1":
  version: 1.27.1
  resolution: "playwright-core@npm:1.27.1"
  bin:
    playwright: cli.js
  checksum: fd65d3eb29978e0e7a755158625e8922a66ca9d599b7c24ddf920822b261d81c51a5964ef8e0e5ed9b2b12dc64541c5949b6a898d965e107f43261964e8c29a0
  languageName: node
  linkType: hard

"playwright@npm:*":
  version: 1.27.1
  resolution: "playwright@npm:1.27.1"
  dependencies:
    playwright-core: 1.27.1
  bin:
    playwright: cli.js
  checksum: 7bb31998e1783f96443bd1a38f0d7838d1b6fd0cf410ac83ef480c0f0e3e930b809b7e42ccda35b9e272c84aaa8f15e0ee8bdddc19a60b224eecc57d285bf92f
  languageName: node
  linkType: hard

"typescript@npm:*":
  version: 4.8.4
  resolution: "typescript@npm:4.8.4"
  bin:
    tsc: bin/tsc
    tsserver: bin/tsserver
  checksum: 3e4f061658e0c8f36c820802fa809e0fd812b85687a9a2f5430bc3d0368e37d1c9605c3ce9b39df9a05af2ece67b1d844f9f6ea8ff42819f13bcb80f85629af0
  languageName: node
  linkType: hard

"typescript@patch:typescript@*#~builtin<compat/typescript>":
  version: 4.8.4
  resolution: "typescript@patch:typescript@npm%3A4.8.4#~builtin<compat/typescript>::version=4.8.4&hash=bda367"
  bin:
    tsc: bin/tsc
    tsserver: bin/tsserver
  checksum: 563a0ef47abae6df27a9a3ab38f75fc681f633ccf1a3502b1108e252e187787893de689220f4544aaf95a371a4eb3141e4a337deb9895de5ac3c1ca76430e5f0
  languageName: node
  linkType: hard
