# This file is generated by running "yarn install" inside your project.
# Manual changes might be lost - proceed with caution!

__metadata:
  version: 6
  cacheKey: 8

"@playwright/test@npm:*":
  version: 1.22.2
  resolution: "@playwright/test@npm:1.22.2"
  dependencies:
    "@types/node": "*"
    playwright-core: 1.22.2
  bin:
    playwright: cli.js
  checksum: 55392a97d920b77374926415e16e649320a9d8243f4ddca09c61827580674ad6f50057c09d5d194212d4ce60abc2cdf5f939ddd87f3670e073e9dd6c418480d5
  languageName: node
  linkType: hard

"@types/node@npm:*":
  version: 17.0.31
  resolution: "@types/node@npm:17.0.31"
  checksum: 704618350f8420d5c47db0f7778398e821b7724369946f5c441a7e6b9343295553936400eb8309f0b07d5e39c240988ab3456b983712ca86265dabc9aee4ad3d
  languageName: node
  linkType: hard

"amp-what-acceptance-test@workspace:.":
  version: 0.0.0-use.local
  resolution: "amp-what-acceptance-test@workspace:."
  dependencies:
    "@playwright/test": "*"
    playwright: "*"
    typescript: "*"
  languageName: unknown
  linkType: soft

"playwright-core@npm:1.22.2":
  version: 1.22.2
  resolution: "playwright-core@npm:1.22.2"
  bin:
    playwright: cli.js
  checksum: 7381c35359b4338282f73dc902c1c1311e8e7cbf852f445dd6b430ebcb7eafc842b8e512d238fdc0b70d1da2b14046f297b19dac027c6a0a62ff217e70f6a07c
  languageName: node
  linkType: hard

"playwright@npm:*":
  version: 1.22.2
  resolution: "playwright@npm:1.22.2"
  dependencies:
    playwright-core: 1.22.2
  bin:
    playwright: cli.js
  checksum: e9e9c4a959d27b6bea3144a0cb19b15124226fb0017e65978fe781fc79129793028ec68dbe9252674120b9a0079bd0e4d17bd2e1258e66032d5ec5427f35cb6f
  languageName: node
  linkType: hard

"typescript@npm:*":
  version: 4.6.4
  resolution: "typescript@npm:4.6.4"
  bin:
    tsc: bin/tsc
    tsserver: bin/tsserver
  checksum: e7bfcc39cd4571a63a54e5ea21f16b8445268b9900bf55aee0e02ad981be576acc140eba24f1af5e3c1457767c96cea6d12861768fb386cf3ffb34013718631a
  languageName: node
  linkType: hard

"typescript@patch:typescript@*#~builtin<compat/typescript>":
  version: 4.6.4
  resolution: "typescript@patch:typescript@npm%3A4.6.4#~builtin<compat/typescript>::version=4.6.4&hash=bda367"
  bin:
    tsc: bin/tsc
    tsserver: bin/tsserver
  checksum: 1cb434fbc637d347be90e3a0c6cd05e33c38f941713c8786d3031faf1842c2c148ba91d2fac01e7276b0ae3249b8633f1660e32686cc7a8c6a8fd5361dc52c66
  languageName: node
  linkType: hard
