# This file is generated by running "yarn install" inside your project.
# Manual changes might be lost - proceed with caution!

__metadata:
  version: 6
  cacheKey: 8

"@playwright/test@npm:*":
  version: 1.27.1
  resolution: "@playwright/test@npm:1.27.1"
  dependencies:
    "@types/node": "*"
    playwright-core: 1.27.1
  bin:
    playwright: cli.js
  checksum: 92f219a78c21da03c6599d92c313c914e73cc374306366130fb3bd4701555179394ec5a3000d9375ce59f5a03c00f20d1ddaae50c85583ce475e17795a622699
  languageName: node
  linkType: hard

"@types/es6-promise@npm:^3.3.0":
  version: 3.3.0
  resolution: "@types/es6-promise@npm:3.3.0"
  dependencies:
    es6-promise: "*"
  checksum: a050b9c0141f90c5296f33ed2faebf7f3a1f92bbdd1986cf97b1fde695eee1a03dd9a6644c7595218bcb7299f745b4db980634f0f3133d35bbf5b83e74d37975
  languageName: node
  linkType: hard

"@types/node@npm:*":
  version: 17.0.31
  resolution: "@types/node@npm:17.0.31"
  checksum: 704618350f8420d5c47db0f7778398e821b7724369946f5c441a7e6b9343295553936400eb8309f0b07d5e39c240988ab3456b983712ca86265dabc9aee4ad3d
  languageName: node
  linkType: hard

"@types/node@npm:^18.11.18":
  version: 18.11.18
  resolution: "@types/node@npm:18.11.18"
  checksum: 03f17f9480f8d775c8a72da5ea7e9383db5f6d85aa5fefde90dd953a1449bd5e4ffde376f139da4f3744b4c83942166d2a7603969a6f8ea826edfb16e6e3b49d
  languageName: node
  linkType: hard

"amp-what-acceptance-test@workspace:.":
  version: 0.0.0-use.local
  resolution: "amp-what-acceptance-test@workspace:."
  dependencies:
    "@playwright/test": "*"
    "@types/es6-promise": ^3.3.0
    "@types/node": ^18.11.18
    playwright: "*"
    typescript: ^4.9.4
  languageName: unknown
  linkType: soft

"es6-promise@npm:*":
  version: 4.2.8
  resolution: "es6-promise@npm:4.2.8"
  checksum: 95614a88873611cb9165a85d36afa7268af5c03a378b35ca7bda9508e1d4f1f6f19a788d4bc755b3fd37c8ebba40782018e02034564ff24c9d6fa37e959ad57d
  languageName: node
  linkType: hard

"playwright-core@npm:1.27.1":
  version: 1.27.1
  resolution: "playwright-core@npm:1.27.1"
  bin:
    playwright: cli.js
  checksum: fd65d3eb29978e0e7a755158625e8922a66ca9d599b7c24ddf920822b261d81c51a5964ef8e0e5ed9b2b12dc64541c5949b6a898d965e107f43261964e8c29a0
  languageName: node
  linkType: hard

"playwright@npm:*":
  version: 1.27.1
  resolution: "playwright@npm:1.27.1"
  dependencies:
    playwright-core: 1.27.1
  bin:
    playwright: cli.js
  checksum: 7bb31998e1783f96443bd1a38f0d7838d1b6fd0cf410ac83ef480c0f0e3e930b809b7e42ccda35b9e272c84aaa8f15e0ee8bdddc19a60b224eecc57d285bf92f
  languageName: node
  linkType: hard

"typescript@npm:^4.9.4":
  version: 4.9.4
  resolution: "typescript@npm:4.9.4"
  bin:
    tsc: bin/tsc
    tsserver: bin/tsserver
  checksum: e782fb9e0031cb258a80000f6c13530288c6d63f1177ed43f770533fdc15740d271554cdae86701c1dd2c83b082cea808b07e97fd68b38a172a83dbf9e0d0ef9
  languageName: node
  linkType: hard

"typescript@patch:typescript@^4.9.4#~builtin<compat/typescript>":
  version: 4.9.4
  resolution: "typescript@patch:typescript@npm%3A4.9.4#~builtin<compat/typescript>::version=4.9.4&hash=bda367"
  bin:
    tsc: bin/tsc
    tsserver: bin/tsserver
  checksum: 37f6e2c3c5e2aa5934b85b0fddbf32eeac8b1bacf3a5b51d01946936d03f5377fe86255d4e5a4ae628fd0cd553386355ad362c57f13b4635064400f3e8e05b9d
  languageName: node
  linkType: hard
